
Microsoft Visual Studio Solution File, Format Version 12.00
# Visual Studio 15
VisualStudioVersion = 15.0.27703.2000
MinimumVisualStudioVersion = 10.0.40219.1
Project("{FAE04EC0-301F-11D3-BF4B-00C04F79EFBC}") = "Presto", "Presto.csproj", "{42F8973E-DF18-4226-95CC-8BADE35BE961}"
EndProject
Global
	GlobalSection(SolutionConfigurationPlatforms) = preSolution
		Debug|Any CPU = Debug|Any CPU
		Release|Any CPU = Release|Any CPU
	EndGlobalSection
	GlobalSection(ProjectConfigurationPlatforms) = postSolution
		{42F8973E-DF18-4226-95CC-8BADE35BE961}.Debug|Any CPU.ActiveCfg = Debug|Any CPU
		{42F8973E-DF18-4226-95CC-8BADE35BE961}.Debug|Any CPU.Build.0 = Debug|Any CPU
		{42F8973E-DF18-4226-95CC-8BADE35BE961}.Release|Any CPU.ActiveCfg = Release|Any CPU
		{42F8973E-DF18-4226-95CC-8BADE35BE961}.Release|Any CPU.Build.0 = Release|Any CPU
	EndGlobalSection
	GlobalSection(SolutionProperties) = preSolution
		HideSolutionNode = FALSE
	EndGlobalSection
	GlobalSection(ExtensibilityGlobals) = postSolution
		SolutionGuid = {E6B44BC6-A492-4FB2-AC9C-0D4018BB113F}
	EndGlobalSection
EndGlobal
