
Microsoft Visual Studio Solution File, Format Version 12.00
# Visual Studio Version 17
VisualStudioVersion = 17.0.32014.148
MinimumVisualStudioVersion = 10.0.40219.1
Project("{9A19103F-16F7-4668-BE54-9A1E7A4F7556}") = "Presto.CLI", "Presto.CLI\Presto.CLI.csproj", "{2E395B0E-376B-4E99-AD3E-51DD92B25E01}"
EndProject
Project("{9A19103F-16F7-4668-BE54-9A1E7A4F7556}") = "Presto.Compiler", "Presto.Compiler\Presto.Compiler.csproj", "{553903FF-EBA9-4F76-A3AA-9AEE9CBC37E5}"
EndProject
Project("{9A19103F-16F7-4668-BE54-9A1E7A4F7556}") = "Presto.Tests", "Presto.Tests\Presto.Tests.csproj", "{4D11EE35-5A7D-48E7-AE57-1362126CB8AD}"
EndProject
Project("{9A19103F-16F7-4668-BE54-9A1E7A4F7556}") = "Presto.Prelude", "Presto.Prelude\Presto.Prelude.csproj", "{C8CE030C-A883-44FB-B02C-5456C3A06A20}"
EndProject
Global
	GlobalSection(SolutionConfigurationPlatforms) = preSolution
		Debug|Any CPU = Debug|Any CPU
		Release|Any CPU = Release|Any CPU
	EndGlobalSection
	GlobalSection(ProjectConfigurationPlatforms) = postSolution
		{2E395B0E-376B-4E99-AD3E-51DD92B25E01}.Debug|Any CPU.ActiveCfg = Debug|Any CPU
		{2E395B0E-376B-4E99-AD3E-51DD92B25E01}.Debug|Any CPU.Build.0 = Debug|Any CPU
		{2E395B0E-376B-4E99-AD3E-51DD92B25E01}.Release|Any CPU.ActiveCfg = Release|Any CPU
		{2E395B0E-376B-4E99-AD3E-51DD92B25E01}.Release|Any CPU.Build.0 = Release|Any CPU
		{553903FF-EBA9-4F76-A3AA-9AEE9CBC37E5}.Debug|Any CPU.ActiveCfg = Debug|Any CPU
		{553903FF-EBA9-4F76-A3AA-9AEE9CBC37E5}.Debug|Any CPU.Build.0 = Debug|Any CPU
		{553903FF-EBA9-4F76-A3AA-9AEE9CBC37E5}.Release|Any CPU.ActiveCfg = Release|Any CPU
		{553903FF-EBA9-4F76-A3AA-9AEE9CBC37E5}.Release|Any CPU.Build.0 = Release|Any CPU
		{4D11EE35-5A7D-48E7-AE57-1362126CB8AD}.Debug|Any CPU.ActiveCfg = Debug|Any CPU
		{4D11EE35-5A7D-48E7-AE57-1362126CB8AD}.Debug|Any CPU.Build.0 = Debug|Any CPU
		{4D11EE35-5A7D-48E7-AE57-1362126CB8AD}.Release|Any CPU.ActiveCfg = Release|Any CPU
		{4D11EE35-5A7D-48E7-AE57-1362126CB8AD}.Release|Any CPU.Build.0 = Release|Any CPU
		{C8CE030C-A883-44FB-B02C-5456C3A06A20}.Debug|Any CPU.ActiveCfg = Debug|Any CPU
		{C8CE030C-A883-44FB-B02C-5456C3A06A20}.Debug|Any CPU.Build.0 = Debug|Any CPU
		{C8CE030C-A883-44FB-B02C-5456C3A06A20}.Release|Any CPU.ActiveCfg = Release|Any CPU
		{C8CE030C-A883-44FB-B02C-5456C3A06A20}.Release|Any CPU.Build.0 = Release|Any CPU
	EndGlobalSection
	GlobalSection(SolutionProperties) = preSolution
		HideSolutionNode = FALSE
	EndGlobalSection
	GlobalSection(ExtensibilityGlobals) = postSolution
		SolutionGuid = {2A88CBC0-57F1-40FF-9759-B2C55142778B}
	EndGlobalSection
EndGlobal
